
Microsoft Visual Studio Solution File, Format Version 12.00
# Visual Studio Version 17
VisualStudioVersion = 17.8.34227.203
MinimumVisualStudioVersion = 10.0.40219.1
Project("{9A19103F-16F7-4668-BE54-9A1E7A4F7556}") = "STREAMUSEAPI", "STREAMUSEAPI\STREAMUSEAPI.csproj", "{DA4E43DB-B4AE-4350-AB43-E83844C77384}"
EndProject
Project("{FAE04EC0-301F-11D3-BF4B-00C04F79EFBC}") = "STREAMUSEAPITests", "STREAMUSEAPITests\STREAMUSEAPITests.csproj", "{33275BF6-0477-4766-91E5-101B9BEC0934}"
EndProject
Global
	GlobalSection(SolutionConfigurationPlatforms) = preSolution
		Debug|Any CPU = Debug|Any CPU
		Release|Any CPU = Release|Any CPU
	EndGlobalSection
	GlobalSection(ProjectConfigurationPlatforms) = postSolution
		{DA4E43DB-B4AE-4350-AB43-E83844C77384}.Debug|Any CPU.ActiveCfg = Debug|Any CPU
		{DA4E43DB-B4AE-4350-AB43-E83844C77384}.Debug|Any CPU.Build.0 = Debug|Any CPU
		{DA4E43DB-B4AE-4350-AB43-E83844C77384}.Release|Any CPU.ActiveCfg = Release|Any CPU
		{DA4E43DB-B4AE-4350-AB43-E83844C77384}.Release|Any CPU.Build.0 = Release|Any CPU
		{33275BF6-0477-4766-91E5-101B9BEC0934}.Debug|Any CPU.ActiveCfg = Debug|Any CPU
		{33275BF6-0477-4766-91E5-101B9BEC0934}.Debug|Any CPU.Build.0 = Debug|Any CPU
		{33275BF6-0477-4766-91E5-101B9BEC0934}.Release|Any CPU.ActiveCfg = Release|Any CPU
		{33275BF6-0477-4766-91E5-101B9BEC0934}.Release|Any CPU.Build.0 = Release|Any CPU
	EndGlobalSection
	GlobalSection(SolutionProperties) = preSolution
		HideSolutionNode = FALSE
	EndGlobalSection
	GlobalSection(ExtensibilityGlobals) = postSolution
		SolutionGuid = {32A78B8B-D985-4DF1-9153-C8B03CD551B4}
	EndGlobalSection
EndGlobal
